{
    "_readme": [
        "This file locks the dependencies of your project to a known state",
        "Read more about it at https://getcomposer.org/doc/01-basic-usage.md#installing-dependencies",
        "This file is @generated automatically"
    ],
    "content-hash": "d6b901b67b7bf45c94a8a8a0c4501fbf",
    "packages": [
        {
            "name": "tornevall/tornelib-php-errorhandler",
            "version": "6.1.12",
            "source": {
                "type": "git",
                "url": "https://github.com/Tornevall/tornelib-php-errorhandler.git",
                "reference": "2f023b3b817f5c2043ab1de89cd7649a0c335796"
            },
            "dist": {
                "type": "zip",
                "url": "https://api.github.com/repos/Tornevall/tornelib-php-errorhandler/zipball/2f023b3b817f5c2043ab1de89cd7649a0c335796",
                "reference": "2f023b3b817f5c2043ab1de89cd7649a0c335796",
                "shasum": ""
            },
            "type": "library",
            "autoload": {
                "psr-4": {
                    "TorneLIB\\": "src/"
                }
            },
            "notification-url": "https://packagist.org/downloads/",
            "license": [
                "Apache-2.0"
            ],
            "authors": [
                {
                    "name": "Tomas Tornevall",
                    "email": "thorne@tornevall.net",
                    "homepage": "https://www.tornevall.net",
                    "role": "Developer"
                }
            ],
            "description": "Global exception and errorhandling for TorneLIB, with all errorcodes stored in the same place.",
            "support": {
                "issues": "https://github.com/Tornevall/tornelib-php-errorhandler/issues",
                "source": "https://github.com/Tornevall/tornelib-php-errorhandler/tree/6.1.12"
            },
            "time": "2020-11-14T20:46:16+00:00"
        },
        {
            "name": "tornevall/tornelib-php-flags",
            "version": "6.1.3",
            "source": {
                "type": "git",
                "url": "https://github.com/Tornevall/tornelib-php-flags.git",
                "reference": "ac1d240729891ef360fa4516013bdd88e3ed6420"
            },
            "dist": {
                "type": "zip",
                "url": "https://api.github.com/repos/Tornevall/tornelib-php-flags/zipball/ac1d240729891ef360fa4516013bdd88e3ed6420",
                "reference": "ac1d240729891ef360fa4516013bdd88e3ed6420",
                "shasum": ""
            },
            "type": "library",
            "autoload": {
                "psr-4": {
                    "TorneLIB\\": "src"
                }
            },
            "notification-url": "https://packagist.org/downloads/",
            "license": [
                "Apache-2.0"
            ],
            "authors": [
                {
                    "name": "Tomas Tornevall",
                    "email": "thorne@tornevall.net",
                    "homepage": "https://tornevall.net",
                    "role": "Developer"
                }
            ],
            "description": "Decentralized special flagsetter. Could be used globally.",
            "support": {
                "issues": "https://github.com/Tornevall/tornelib-php-flags/issues",
                "source": "https://github.com/Tornevall/tornelib-php-flags/tree/6.1.3"
            },
            "time": "2020-04-22T15:51:26+00:00"
        },
        {
            "name": "tornevall/tornelib-php-utils",
            "version": "6.1.11",
            "source": {
                "type": "git",
                "url": "https://github.com/Tornevall/tornelib-php-utils.git",
                "reference": "76ce954d81863753cab24fdb2d3905a9a1608c69"
            },
            "dist": {
                "type": "zip",
                "url": "https://api.github.com/repos/Tornevall/tornelib-php-utils/zipball/76ce954d81863753cab24fdb2d3905a9a1608c69",
                "reference": "76ce954d81863753cab24fdb2d3905a9a1608c69",
                "shasum": ""
            },
            "require": {
                "tornevall/tornelib-php-errorhandler": "^6.1",
                "tornevall/tornelib-php-flags": "^6.1"
            },
            "type": "library",
            "autoload": {
                "psr-4": {
                    "TorneLIB\\": "src"
                }
            },
            "notification-url": "https://packagist.org/downloads/",
            "license": [
                "Apache-2.0"
            ],
            "authors": [
                {
                    "name": "Tomas Tornevall",
                    "email": "thorne@tornevall.net",
                    "homepage": "https://developer.tornevall.net/",
                    "role": "Developer"
                }
            ],
            "description": "Utils that many of the TorneLIB-based libraries may need.",
            "support": {
                "issues": "https://github.com/Tornevall/tornelib-php-utils/issues",
                "source": "https://github.com/Tornevall/tornelib-php-utils/tree/6.1.11"
            },
            "time": "2021-08-21T10:04:05+00:00"
        }
    ],
    "packages-dev": [],
    "aliases": [],
    "minimum-stability": "stable",
    "stability-flags": [],
    "prefer-stable": false,
    "prefer-lowest": false,
    "platform": {
        "ext-json": "*"
    },
    "platform-dev": [],
    "plugin-api-version": "2.1.0"
}
